
Microsoft Visual Studio Solution File, Format Version 12.00
# Visual Studio Version 16
VisualStudioVersion = 16.0.808.4
MinimumVisualStudioVersion = 10.0.40219.1
Project("{FAE04EC0-301F-11D3-BF4B-00C04F79EFBC}") = "EmailService", "EmailService\EmailService.csproj", "{0821667B-92B9-4D35-AA2A-D7035F80FDBF}"
EndProject
Project("{FAE04EC0-301F-11D3-BF4B-00C04F79EFBC}") = "TicketManagementSystem", "TicketManagementSystem\TicketManagementSystem.csproj", "{009DACFF-7BBA-4A46-95CE-4F7E2707C5ED}"
EndProject
Global
	GlobalSection(SolutionConfigurationPlatforms) = preSolution
		Debug|Any CPU = Debug|Any CPU
		Release|Any CPU = Release|Any CPU
	EndGlobalSection
	GlobalSection(ProjectConfigurationPlatforms) = postSolution
		{0821667B-92B9-4D35-AA2A-D7035F80FDBF}.Debug|Any CPU.ActiveCfg = Debug|Any CPU
		{0821667B-92B9-4D35-AA2A-D7035F80FDBF}.Debug|Any CPU.Build.0 = Debug|Any CPU
		{0821667B-92B9-4D35-AA2A-D7035F80FDBF}.Release|Any CPU.ActiveCfg = Release|Any CPU
		{0821667B-92B9-4D35-AA2A-D7035F80FDBF}.Release|Any CPU.Build.0 = Release|Any CPU
		{009DACFF-7BBA-4A46-95CE-4F7E2707C5ED}.Debug|Any CPU.ActiveCfg = Debug|Any CPU
		{009DACFF-7BBA-4A46-95CE-4F7E2707C5ED}.Debug|Any CPU.Build.0 = Debug|Any CPU
		{009DACFF-7BBA-4A46-95CE-4F7E2707C5ED}.Release|Any CPU.ActiveCfg = Release|Any CPU
		{009DACFF-7BBA-4A46-95CE-4F7E2707C5ED}.Release|Any CPU.Build.0 = Release|Any CPU
	EndGlobalSection
	GlobalSection(SolutionProperties) = preSolution
		HideSolutionNode = FALSE
	EndGlobalSection
	GlobalSection(ExtensibilityGlobals) = postSolution
		SolutionGuid = {06BC147B-FF8A-49A9-B87D-1F33DFEB3480}
	EndGlobalSection
EndGlobal
